
Microsoft Visual Studio Solution File, Format Version 12.00
# Visual Studio Version 17
VisualStudioVersion = 17.0.32112.339
MinimumVisualStudioVersion = 10.0.40219.1
Project("{9A19103F-16F7-4668-BE54-9A1E7A4F7556}") = "UnitTest", "UnitTest\UnitTest.csproj", "{846E2D8C-5FEA-4395-80FC-837098806A15}"
	ProjectSection(ProjectDependencies) = postProject
		{A198C982-0B60-4493-AB8F-50602E6BDC6B} = {A198C982-0B60-4493-AB8F-50602E6BDC6B}
	EndProjectSection
EndProject
Project("{9A19103F-16F7-4668-BE54-9A1E7A4F7556}") = "Tools", "Tools\Tools.csproj", "{A5601E9D-F2B8-468B-BABB-F732C6940EC2}"
EndProject
Project("{9A19103F-16F7-4668-BE54-9A1E7A4F7556}") = "DBHelper", "DBHelper\DBHelper.csproj", "{A198C982-0B60-4493-AB8F-50602E6BDC6B}"
EndProject
Global
	GlobalSection(SolutionConfigurationPlatforms) = preSolution
		Debug|Any CPU = Debug|Any CPU
		Release|Any CPU = Release|Any CPU
	EndGlobalSection
	GlobalSection(ProjectConfigurationPlatforms) = postSolution
		{846E2D8C-5FEA-4395-80FC-837098806A15}.Debug|Any CPU.ActiveCfg = Debug|Any CPU
		{846E2D8C-5FEA-4395-80FC-837098806A15}.Debug|Any CPU.Build.0 = Debug|Any CPU
		{846E2D8C-5FEA-4395-80FC-837098806A15}.Release|Any CPU.ActiveCfg = Release|Any CPU
		{846E2D8C-5FEA-4395-80FC-837098806A15}.Release|Any CPU.Build.0 = Release|Any CPU
		{A5601E9D-F2B8-468B-BABB-F732C6940EC2}.Debug|Any CPU.ActiveCfg = Debug|Any CPU
		{A5601E9D-F2B8-468B-BABB-F732C6940EC2}.Debug|Any CPU.Build.0 = Debug|Any CPU
		{A5601E9D-F2B8-468B-BABB-F732C6940EC2}.Release|Any CPU.ActiveCfg = Release|Any CPU
		{A5601E9D-F2B8-468B-BABB-F732C6940EC2}.Release|Any CPU.Build.0 = Release|Any CPU
		{A198C982-0B60-4493-AB8F-50602E6BDC6B}.Debug|Any CPU.ActiveCfg = Debug|Any CPU
		{A198C982-0B60-4493-AB8F-50602E6BDC6B}.Debug|Any CPU.Build.0 = Debug|Any CPU
		{A198C982-0B60-4493-AB8F-50602E6BDC6B}.Release|Any CPU.ActiveCfg = Release|Any CPU
		{A198C982-0B60-4493-AB8F-50602E6BDC6B}.Release|Any CPU.Build.0 = Release|Any CPU
	EndGlobalSection
	GlobalSection(SolutionProperties) = preSolution
		HideSolutionNode = FALSE
	EndGlobalSection
	GlobalSection(ExtensibilityGlobals) = postSolution
		SolutionGuid = {B94E9558-99A6-4D63-800B-86FAC57D4F2F}
	EndGlobalSection
EndGlobal
